
Microsoft Visual Studio Solution File, Format Version 12.00
# Visual Studio Version 16
VisualStudioVersion = 16.0.30114.105
MinimumVisualStudioVersion = 10.0.40219.1
Project("{2150E333-8FDC-42A3-9474-1A3956D46DE8}") = "src", "src", "{0D35B559-48BD-4A17-BD8F-2322EE225726}"
EndProject
Project("{FAE04EC0-301F-11D3-BF4B-00C04F79EFBC}") = "Demo", "src\Demo\Demo.csproj", "{1DE94410-C084-44AA-8FC5-162FE88389EC}"
EndProject
Global
	GlobalSection(SolutionConfigurationPlatforms) = preSolution
		Debug|Any CPU = Debug|Any CPU
		Release|Any CPU = Release|Any CPU
	EndGlobalSection
	GlobalSection(SolutionProperties) = preSolution
		HideSolutionNode = FALSE
	EndGlobalSection
	GlobalSection(ProjectConfigurationPlatforms) = postSolution
		{1DE94410-C084-44AA-8FC5-162FE88389EC}.Debug|Any CPU.ActiveCfg = Debug|Any CPU
		{1DE94410-C084-44AA-8FC5-162FE88389EC}.Debug|Any CPU.Build.0 = Debug|Any CPU
		{1DE94410-C084-44AA-8FC5-162FE88389EC}.Release|Any CPU.ActiveCfg = Release|Any CPU
		{1DE94410-C084-44AA-8FC5-162FE88389EC}.Release|Any CPU.Build.0 = Release|Any CPU
	EndGlobalSection
	GlobalSection(NestedProjects) = preSolution
		{1DE94410-C084-44AA-8FC5-162FE88389EC} = {0D35B559-48BD-4A17-BD8F-2322EE225726}
	EndGlobalSection
EndGlobal
